
Microsoft Visual Studio Solution File, Format Version 12.00
# Visual Studio Version 16
VisualStudioVersion = 16.0.30114.105
MinimumVisualStudioVersion = 10.0.40219.1
Project("{FAE04EC0-301F-11D3-BF4B-00C04F79EFBC}") = "Fennec", "Fennec\Fennec.csproj", "{684EC18C-3AE9-41A9-BF6C-43B7C436DE18}"
EndProject
Project("{FAE04EC0-301F-11D3-BF4B-00C04F79EFBC}") = "MockServer", "MockServer\MockServer.csproj", "{7DA2F6FB-4257-4C23-BD30-98CB381D145C}"
EndProject
Project("{FAE04EC0-301F-11D3-BF4B-00C04F79EFBC}") = "DotNetFlow", "DotNetFlow\DotNetFlow.csproj", "{50CAD1DC-8DCD-45C5-B0D0-986C7271218A}"
EndProject
Project("{FAE04EC0-301F-11D3-BF4B-00C04F79EFBC}") = "Test", "Test\Test.csproj", "{9BAC4DB5-B655-4EBF-B8EA-9AB854406F22}"
EndProject
Global
	GlobalSection(SolutionConfigurationPlatforms) = preSolution
		Debug|Any CPU = Debug|Any CPU
		Release|Any CPU = Release|Any CPU
	EndGlobalSection
	GlobalSection(SolutionProperties) = preSolution
		HideSolutionNode = FALSE
	EndGlobalSection
	GlobalSection(ProjectConfigurationPlatforms) = postSolution
		{684EC18C-3AE9-41A9-BF6C-43B7C436DE18}.Debug|Any CPU.ActiveCfg = Debug|Any CPU
		{684EC18C-3AE9-41A9-BF6C-43B7C436DE18}.Debug|Any CPU.Build.0 = Debug|Any CPU
		{684EC18C-3AE9-41A9-BF6C-43B7C436DE18}.Release|Any CPU.ActiveCfg = Release|Any CPU
		{684EC18C-3AE9-41A9-BF6C-43B7C436DE18}.Release|Any CPU.Build.0 = Release|Any CPU
		{7DA2F6FB-4257-4C23-BD30-98CB381D145C}.Debug|Any CPU.ActiveCfg = Debug|Any CPU
		{7DA2F6FB-4257-4C23-BD30-98CB381D145C}.Debug|Any CPU.Build.0 = Debug|Any CPU
		{7DA2F6FB-4257-4C23-BD30-98CB381D145C}.Release|Any CPU.ActiveCfg = Release|Any CPU
		{7DA2F6FB-4257-4C23-BD30-98CB381D145C}.Release|Any CPU.Build.0 = Release|Any CPU
		{50CAD1DC-8DCD-45C5-B0D0-986C7271218A}.Debug|Any CPU.ActiveCfg = Debug|Any CPU
		{50CAD1DC-8DCD-45C5-B0D0-986C7271218A}.Debug|Any CPU.Build.0 = Debug|Any CPU
		{50CAD1DC-8DCD-45C5-B0D0-986C7271218A}.Release|Any CPU.ActiveCfg = Release|Any CPU
		{50CAD1DC-8DCD-45C5-B0D0-986C7271218A}.Release|Any CPU.Build.0 = Release|Any CPU
		{9BAC4DB5-B655-4EBF-B8EA-9AB854406F22}.Debug|Any CPU.ActiveCfg = Debug|Any CPU
		{9BAC4DB5-B655-4EBF-B8EA-9AB854406F22}.Debug|Any CPU.Build.0 = Debug|Any CPU
		{9BAC4DB5-B655-4EBF-B8EA-9AB854406F22}.Release|Any CPU.ActiveCfg = Release|Any CPU
		{9BAC4DB5-B655-4EBF-B8EA-9AB854406F22}.Release|Any CPU.Build.0 = Release|Any CPU
	EndGlobalSection
EndGlobal
